
Microsoft Visual Studio Solution File, Format Version 12.00
# Visual Studio Version 16
VisualStudioVersion = 16.0.31025.194
MinimumVisualStudioVersion = 10.0.40219.1
Project("{FAE04EC0-301F-11D3-BF4B-00C04F79EFBC}") = "SolarSail", "SolarSail\SolarSail.csproj", "{42A40A26-4D34-408F-B953-A1129561A96A}"
EndProject
Global
	GlobalSection(SolutionConfigurationPlatforms) = preSolution
		Debug|Any CPU = Debug|Any CPU
		Release|Any CPU = Release|Any CPU
	EndGlobalSection
	GlobalSection(ProjectConfigurationPlatforms) = postSolution
		{42A40A26-4D34-408F-B953-A1129561A96A}.Debug|Any CPU.ActiveCfg = Release|Any CPU
		{42A40A26-4D34-408F-B953-A1129561A96A}.Debug|Any CPU.Build.0 = Release|Any CPU
		{42A40A26-4D34-408F-B953-A1129561A96A}.Release|Any CPU.ActiveCfg = Release|Any CPU
		{42A40A26-4D34-408F-B953-A1129561A96A}.Release|Any CPU.Build.0 = Release|Any CPU
	EndGlobalSection
	GlobalSection(SolutionProperties) = preSolution
		HideSolutionNode = FALSE
	EndGlobalSection
	GlobalSection(ExtensibilityGlobals) = postSolution
		SolutionGuid = {26C87E2F-91ED-4FCA-BE2C-EF2611449F24}
	EndGlobalSection
EndGlobal
